// !$*UTF8*$!
{
	archiveVersion = 1;
	classes = {
	};
	objectVersion = 46;
	objects = {

/* Begin PBXBuildFile section */
		1D3623260D0F684500981E51 /* DemoAppAppDelegate.m in Sources */ = {isa = PBXBuildFile; fileRef = 1D3623250D0F684500981E51 /* DemoAppAppDelegate.m */; };
		1D60589B0D05DD56006BFB54 /* main.m in Sources */ = {isa = PBXBuildFile; fileRef = 29B97316FDCFA39411CA2CEA /* main.m */; };
		1D60589F0D05DD5A006BFB54 /* Foundation.framework in Frameworks */ = {isa = PBXBuildFile; fileRef = 1D30AB110D05D00D00671497 /* Foundation.framework */; };
		1DF5F4E00D08C38300B7A737 /* UIKit.framework in Frameworks */ = {isa = PBXBuildFile; fileRef = 1DF5F4DF0D08C38300B7A737 /* UIKit.framework */; };
		288765A50DF7441C002DB57D /* CoreGraphics.framework in Frameworks */ = {isa = PBXBuildFile; fileRef = 288765A40DF7441C002DB57D /* CoreGraphics.framework */; };
		28AD733F0D9D9553002E5188 /* MainWindow.xib in Resources */ = {isa = PBXBuildFile; fileRef = 28AD733E0D9D9553002E5188 /* MainWindow.xib */; };
		28D7ACF80DDB3853001CB0EB /* RootViewController.m in Sources */ = {isa = PBXBuildFile; fileRef = 28D7ACF70DDB3853001CB0EB /* RootViewController.m */; };
		A34012AE1390CFED005341B1 /* PhotoFetcher.m in Sources */ = {isa = PBXBuildFile; fileRef = A34012AD1390CFED005341B1 /* PhotoFetcher.m */; };
		A34012E41390DB8A005341B1 /* FeedItemPage.m in Sources */ = {isa = PBXBuildFile; fileRef = A34012E31390DB8A005341B1 /* FeedItemPage.m */; };
		A34012E71390DB95005341B1 /* FeedItem.m in Sources */ = {isa = PBXBuildFile; fileRef = A34012E61390DB95005341B1 /* FeedItem.m */; };
		A34012EA1390DE4F005341B1 /* FeedBody.m in Sources */ = {isa = PBXBuildFile; fileRef = A34012E91390DE4F005341B1 /* FeedBody.m */; };
		A340134E13922DF2005341B1 /* UserFeedViewController.m in Sources */ = {isa = PBXBuildFile; fileRef = A340134D13922DF2005341B1 /* UserFeedViewController.m */; };
		A348938D138E04E6007335CB /* FeedViewController.m in Sources */ = {isa = PBXBuildFile; fileRef = A348938C138E04E6007335CB /* FeedViewController.m */; };
		A348939F138E06E3007335CB /* ObjectFetcher.m in Sources */ = {isa = PBXBuildFile; fileRef = A348939E138E06E3007335CB /* ObjectFetcher.m */; };
		A34893B1138E0E08007335CB /* UserPhone.xib in Resources */ = {isa = PBXBuildFile; fileRef = A34893B0138E0E08007335CB /* UserPhone.xib */; };
		A3489441138E17D0007335CB /* Photo.m in Sources */ = {isa = PBXBuildFile; fileRef = A3489440138E17D0007335CB /* Photo.m */; };
		A382F5AE138BFC2C00AF5DAF /* UserViewController.m in Sources */ = {isa = PBXBuildFile; fileRef = A382F5AD138BFC2C00AF5DAF /* UserViewController.m */; };
		A3992C8E1384E89B00FDDBB4 /* CFNetwork.framework in Frameworks */ = {isa = PBXBuildFile; fileRef = A3992C8D1384E89B00FDDBB4 /* CFNetwork.framework */; };
		A3992C901384E89B00FDDBB4 /* MobileCoreServices.framework in Frameworks */ = {isa = PBXBuildFile; fileRef = A3992C8F1384E89B00FDDBB4 /* MobileCoreServices.framework */; };
		A39CBE0513848615006F68E4 /* SystemConfiguration.framework in Frameworks */ = {isa = PBXBuildFile; fileRef = A39CBE0413848615006F68E4 /* SystemConfiguration.framework */; };
		A3A80AE213CE236800185C41 /* Config.m in Sources */ = {isa = PBXBuildFile; fileRef = A3A80AE113CE236800185C41 /* Config.m */; };
		A3A80B2A13CE26B500185C41 /* FeedPhone.xib in Resources */ = {isa = PBXBuildFile; fileRef = A3A80B2913CE26B500185C41 /* FeedPhone.xib */; };
		A3A80B4413CE296200185C41 /* PostLocationViewController.m in Sources */ = {isa = PBXBuildFile; fileRef = A3A80B4213CE296200185C41 /* PostLocationViewController.m */; };
		A3A80B4513CE296200185C41 /* PostLocationPhone.xib in Resources */ = {isa = PBXBuildFile; fileRef = A3A80B4313CE296200185C41 /* PostLocationPhone.xib */; };
		A3A80B4813CE5B9C00185C41 /* CoreLocation.framework in Frameworks */ = {isa = PBXBuildFile; fileRef = A3A80B4713CE5B9C00185C41 /* CoreLocation.framework */; };
		A3A80BE513CE703400185C41 /* FeedItemPoster.m in Sources */ = {isa = PBXBuildFile; fileRef = A3A80BE413CE703400185C41 /* FeedItemPoster.m */; };
		A3B0F7E513CA230200CD4E99 /* OAuthViewController.m in Sources */ = {isa = PBXBuildFile; fileRef = A3B0F7E313CA230200CD4E99 /* OAuthViewController.m */; };
		A3B0F7E613CA230200CD4E99 /* OAuthViewController.xib in Resources */ = {isa = PBXBuildFile; fileRef = A3B0F7E413CA230200CD4E99 /* OAuthViewController.xib */; };
		A3B0F7EE13CA234500CD4E99 /* AuthContext.m in Sources */ = {isa = PBXBuildFile; fileRef = A3B0F7ED13CA234500CD4E99 /* AuthContext.m */; };
		A3B0F8A513CA2FEE00CD4E99 /* libRestKitNetwork.a in Frameworks */ = {isa = PBXBuildFile; fileRef = A3B0F84F13CA2E1400CD4E99 /* libRestKitNetwork.a */; };
		A3B0F8A613CA2FEE00CD4E99 /* libRestKitObjectMapping.a in Frameworks */ = {isa = PBXBuildFile; fileRef = A3B0F85113CA2E1400CD4E99 /* libRestKitObjectMapping.a */; };
		A3B0F8A713CA2FEE00CD4E99 /* libRestKitSupport.a in Frameworks */ = {isa = PBXBuildFile; fileRef = A3B0F85313CA2E1400CD4E99 /* libRestKitSupport.a */; };
		A3B0F94013CA373D00CD4E99 /* MappingManager.m in Sources */ = {isa = PBXBuildFile; fileRef = A3B0F93F13CA373D00CD4E99 /* MappingManager.m */; };
		A3B0FAC213CA427D00CD4E99 /* libRestKitJSONParserYAJL.a in Frameworks */ = {isa = PBXBuildFile; fileRef = A3B0F85513CA2E1400CD4E99 /* libRestKitJSONParserYAJL.a */; };
		A3C82AA313CC0F3D00DA5E5E /* Security.framework in Frameworks */ = {isa = PBXBuildFile; fileRef = A39CBE0213848615006F68E4 /* Security.framework */; };
		A3C82B1113CC193000DA5E5E /* Identity.m in Sources */ = {isa = PBXBuildFile; fileRef = A3C82B1013CC193000DA5E5E /* Identity.m */; };
		A3CD6C961385C4C0000116E4 /* User.m in Sources */ = {isa = PBXBuildFile; fileRef = A3CD6C951385C4C0000116E4 /* User.m */; };
		A3CD6C991385C60F000116E4 /* Address.m in Sources */ = {isa = PBXBuildFile; fileRef = A3CD6C981385C60F000116E4 /* Address.m */; };
		A3E5312713940864004CCE49 /* UserFeedPage.m in Sources */ = {isa = PBXBuildFile; fileRef = A3E5312613940864004CCE49 /* UserFeedPage.m */; };
		A3E5322A1394211C004CCE49 /* NewsFeedPage.m in Sources */ = {isa = PBXBuildFile; fileRef = A3E532291394211C004CCE49 /* NewsFeedPage.m */; };
		A3E5322D13942186004CCE49 /* NewsFeedViewController.m in Sources */ = {isa = PBXBuildFile; fileRef = A3E5322C13942186004CCE49 /* NewsFeedViewController.m */; };
		A3E532971394293E004CCE49 /* MessageSegment.m in Sources */ = {isa = PBXBuildFile; fileRef = A3E532961394293E004CCE49 /* MessageSegment.m */; };
		A3E5334213943DE4004CCE49 /* WebViewController.m in Sources */ = {isa = PBXBuildFile; fileRef = A3E5334113943DE4004CCE49 /* WebViewController.m */; };
		A3E5334413943F10004CCE49 /* WebView.xib in Resources */ = {isa = PBXBuildFile; fileRef = A3E5334313943F10004CCE49 /* WebView.xib */; };
		A3E533C213945906004CCE49 /* UserSummary.m in Sources */ = {isa = PBXBuildFile; fileRef = A3E533C113945906004CCE49 /* UserSummary.m */; };
/* End PBXBuildFile section */

/* Begin PBXContainerItemProxy section */
		A3B0F84E13CA2E1400CD4E99 /* PBXContainerItemProxy */ = {
			isa = PBXContainerItemProxy;
			containerPortal = A3B0F83A13CA2E1400CD4E99 /* RestKit.xcodeproj */;
			proxyType = 2;
			remoteGlobalIDString = 253A07FC1255161B00976E89;
			remoteInfo = RestKitNetwork;
		};
		A3B0F85013CA2E1400CD4E99 /* PBXContainerItemProxy */ = {
			isa = PBXContainerItemProxy;
			containerPortal = A3B0F83A13CA2E1400CD4E99 /* RestKit.xcodeproj */;
			proxyType = 2;
			remoteGlobalIDString = 253A08031255162C00976E89;
			remoteInfo = RestKitObjectMapping;
		};
		A3B0F85213CA2E1400CD4E99 /* PBXContainerItemProxy */ = {
			isa = PBXContainerItemProxy;
			containerPortal = A3B0F83A13CA2E1400CD4E99 /* RestKit.xcodeproj */;
			proxyType = 2;
			remoteGlobalIDString = 253A080C12551D3000976E89;
			remoteInfo = RestKitSupport;
		};
		A3B0F85413CA2E1400CD4E99 /* PBXContainerItemProxy */ = {
			isa = PBXContainerItemProxy;
			containerPortal = A3B0F83A13CA2E1400CD4E99 /* RestKit.xcodeproj */;
			proxyType = 2;
			remoteGlobalIDString = 2590E64F125231F600531FA8;
			remoteInfo = "RestKitJSONParser+YAJL";
		};
		A3B0F85613CA2E1400CD4E99 /* PBXContainerItemProxy */ = {
			isa = PBXContainerItemProxy;
			containerPortal = A3B0F83A13CA2E1400CD4E99 /* RestKit.xcodeproj */;
			proxyType = 2;
			remoteGlobalIDString = 2590E66B1252353700531FA8;
			remoteInfo = "RestKitJSONParser+SBJSON";
		};
		A3B0F85813CA2E1400CD4E99 /* PBXContainerItemProxy */ = {
			isa = PBXContainerItemProxy;
			containerPortal = A3B0F83A13CA2E1400CD4E99 /* RestKit.xcodeproj */;
			proxyType = 2;
			remoteGlobalIDString = 73057FD11331AD2E001908EE;
			remoteInfo = "RestKitJSONParser+JSONKit";
		};
		A3B0F85A13CA2E1400CD4E99 /* PBXContainerItemProxy */ = {
			isa = PBXContainerItemProxy;
			containerPortal = A3B0F83A13CA2E1400CD4E99 /* RestKit.xcodeproj */;
			proxyType = 2;
			remoteGlobalIDString = 25BD43BD1340315800DBACDD;
			remoteInfo = "RestKitXMLParser+Libxml";
		};
		A3B0F85C13CA2E1400CD4E99 /* PBXContainerItemProxy */ = {
			isa = PBXContainerItemProxy;
			containerPortal = A3B0F83A13CA2E1400CD4E99 /* RestKit.xcodeproj */;
			proxyType = 2;
			remoteGlobalIDString = 253A081412551D5300976E89;
			remoteInfo = RestKitCoreData;
		};
		A3B0F85E13CA2E1400CD4E99 /* PBXContainerItemProxy */ = {
			isa = PBXContainerItemProxy;
			containerPortal = A3B0F83A13CA2E1400CD4E99 /* RestKit.xcodeproj */;
			proxyType = 2;
			remoteGlobalIDString = 2523360511E79F090048F9B4;
			remoteInfo = RestKitThree20;
		};
		A3B0F86013CA2E1400CD4E99 /* PBXContainerItemProxy */ = {
			isa = PBXContainerItemProxy;
			containerPortal = A3B0F83A13CA2E1400CD4E99 /* RestKit.xcodeproj */;
			proxyType = 2;
			remoteGlobalIDString = 3F6C39A510FE5C95008F47C5;
			remoteInfo = UISpec;
		};
		A3B0F89113CA2F1600CD4E99 /* PBXContainerItemProxy */ = {
			isa = PBXContainerItemProxy;
			containerPortal = A3B0F83A13CA2E1400CD4E99 /* RestKit.xcodeproj */;
			proxyType = 1;
			remoteGlobalIDString = 255B7588133BABBF00ED76AD;
			remoteInfo = RestKit;
		};
/* End PBXContainerItemProxy section */

/* Begin PBXFileReference section */
		1D30AB110D05D00D00671497 /* Foundation.framework */ = {isa = PBXFileReference; lastKnownFileType = wrapper.framework; name = Foundation.framework; path = System/Library/Frameworks/Foundation.framework; sourceTree = SDKROOT; };
		1D3623240D0F684500981E51 /* DemoAppAppDelegate.h */ = {isa = PBXFileReference; fileEncoding = 4; lastKnownFileType = sourcecode.c.h; path = DemoAppAppDelegate.h; sourceTree = "<group>"; };
		1D3623250D0F684500981E51 /* DemoAppAppDelegate.m */ = {isa = PBXFileReference; fileEncoding = 4; lastKnownFileType = sourcecode.c.objc; path = DemoAppAppDelegate.m; sourceTree = "<group>"; };
		1D6058910D05DD3D006BFB54 /* DemoApp.app */ = {isa = PBXFileReference; explicitFileType = wrapper.application; includeInIndex = 0; path = DemoApp.app; sourceTree = BUILT_PRODUCTS_DIR; };
		1DF5F4DF0D08C38300B7A737 /* UIKit.framework */ = {isa = PBXFileReference; lastKnownFileType = wrapper.framework; name = UIKit.framework; path = System/Library/Frameworks/UIKit.framework; sourceTree = SDKROOT; };
		288765A40DF7441C002DB57D /* CoreGraphics.framework */ = {isa = PBXFileReference; lastKnownFileType = wrapper.framework; name = CoreGraphics.framework; path = System/Library/Frameworks/CoreGraphics.framework; sourceTree = SDKROOT; };
		28AD733E0D9D9553002E5188 /* MainWindow.xib */ = {isa = PBXFileReference; lastKnownFileType = file.xib; path = MainWindow.xib; sourceTree = "<group>"; };
		28D7ACF60DDB3853001CB0EB /* RootViewController.h */ = {isa = PBXFileReference; fileEncoding = 4; lastKnownFileType = sourcecode.c.h; path = RootViewController.h; sourceTree = "<group>"; };
		28D7ACF70DDB3853001CB0EB /* RootViewController.m */ = {isa = PBXFileReference; fileEncoding = 4; lastKnownFileType = sourcecode.c.objc; path = RootViewController.m; sourceTree = "<group>"; };
		29B97316FDCFA39411CA2CEA /* main.m */ = {isa = PBXFileReference; fileEncoding = 4; lastKnownFileType = sourcecode.c.objc; name = main.m; path = ../main.m; sourceTree = "<group>"; };
		32CA4F630368D1EE00C91783 /* DemoApp_Prefix.pch */ = {isa = PBXFileReference; fileEncoding = 4; lastKnownFileType = sourcecode.c.h; name = DemoApp_Prefix.pch; path = ../DemoApp_Prefix.pch; sourceTree = "<group>"; };
		8D1107310486CEB800E47090 /* DemoApp-Info.plist */ = {isa = PBXFileReference; fileEncoding = 4; lastKnownFileType = text.plist.xml; path = "DemoApp-Info.plist"; plistStructureDefinitionIdentifier = "com.apple.xcode.plist.structure-definition.iphone.info-plist"; sourceTree = "<group>"; };
		A34012AC1390CFED005341B1 /* PhotoFetcher.h */ = {isa = PBXFileReference; fileEncoding = 4; lastKnownFileType = sourcecode.c.h; path = PhotoFetcher.h; sourceTree = "<group>"; };
		A34012AD1390CFED005341B1 /* PhotoFetcher.m */ = {isa = PBXFileReference; fileEncoding = 4; lastKnownFileType = sourcecode.c.objc; path = PhotoFetcher.m; sourceTree = "<group>"; };
		A34012E21390DB8A005341B1 /* FeedItemPage.h */ = {isa = PBXFileReference; fileEncoding = 4; lastKnownFileType = sourcecode.c.h; path = FeedItemPage.h; sourceTree = "<group>"; };
		A34012E31390DB8A005341B1 /* FeedItemPage.m */ = {isa = PBXFileReference; fileEncoding = 4; lastKnownFileType = sourcecode.c.objc; path = FeedItemPage.m; sourceTree = "<group>"; };
		A34012E51390DB95005341B1 /* FeedItem.h */ = {isa = PBXFileReference; fileEncoding = 4; lastKnownFileType = sourcecode.c.h; path = FeedItem.h; sourceTree = "<group>"; };
		A34012E61390DB95005341B1 /* FeedItem.m */ = {isa = PBXFileReference; fileEncoding = 4; lastKnownFileType = sourcecode.c.objc; path = FeedItem.m; sourceTree = "<group>"; };
		A34012E81390DE4F005341B1 /* FeedBody.h */ = {isa = PBXFileReference; fileEncoding = 4; lastKnownFileType = sourcecode.c.h; path = FeedBody.h; sourceTree = "<group>"; };
		A34012E91390DE4F005341B1 /* FeedBody.m */ = {isa = PBXFileReference; fileEncoding = 4; lastKnownFileType = sourcecode.c.objc; path = FeedBody.m; sourceTree = "<group>"; };
		A340134C13922DF2005341B1 /* UserFeedViewController.h */ = {isa = PBXFileReference; fileEncoding = 4; lastKnownFileType = sourcecode.c.h; path = UserFeedViewController.h; sourceTree = "<group>"; };
		A340134D13922DF2005341B1 /* UserFeedViewController.m */ = {isa = PBXFileReference; fileEncoding = 4; lastKnownFileType = sourcecode.c.objc; path = UserFeedViewController.m; sourceTree = "<group>"; };
		A348938B138E04E6007335CB /* FeedViewController.h */ = {isa = PBXFileReference; fileEncoding = 4; lastKnownFileType = sourcecode.c.h; path = FeedViewController.h; sourceTree = "<group>"; };
		A348938C138E04E6007335CB /* FeedViewController.m */ = {isa = PBXFileReference; fileEncoding = 4; lastKnownFileType = sourcecode.c.objc; path = FeedViewController.m; sourceTree = "<group>"; };
		A348939D138E06E3007335CB /* ObjectFetcher.h */ = {isa = PBXFileReference; fileEncoding = 4; lastKnownFileType = sourcecode.c.h; path = ObjectFetcher.h; sourceTree = "<group>"; };
		A348939E138E06E3007335CB /* ObjectFetcher.m */ = {isa = PBXFileReference; fileEncoding = 4; lastKnownFileType = sourcecode.c.objc; path = ObjectFetcher.m; sourceTree = "<group>"; };
		A34893B0138E0E08007335CB /* UserPhone.xib */ = {isa = PBXFileReference; lastKnownFileType = file.xib; path = UserPhone.xib; sourceTree = "<group>"; };
		A348943F138E17D0007335CB /* Photo.h */ = {isa = PBXFileReference; fileEncoding = 4; lastKnownFileType = sourcecode.c.h; path = Photo.h; sourceTree = "<group>"; };
		A3489440138E17D0007335CB /* Photo.m */ = {isa = PBXFileReference; fileEncoding = 4; lastKnownFileType = sourcecode.c.objc; path = Photo.m; sourceTree = "<group>"; };
		A382F5AC138BFC2C00AF5DAF /* UserViewController.h */ = {isa = PBXFileReference; fileEncoding = 4; lastKnownFileType = sourcecode.c.h; path = UserViewController.h; sourceTree = "<group>"; };
		A382F5AD138BFC2C00AF5DAF /* UserViewController.m */ = {isa = PBXFileReference; fileEncoding = 4; lastKnownFileType = sourcecode.c.objc; path = UserViewController.m; sourceTree = "<group>"; };
		A3992C8D1384E89B00FDDBB4 /* CFNetwork.framework */ = {isa = PBXFileReference; lastKnownFileType = wrapper.framework; name = CFNetwork.framework; path = System/Library/Frameworks/CFNetwork.framework; sourceTree = SDKROOT; };
		A3992C8F1384E89B00FDDBB4 /* MobileCoreServices.framework */ = {isa = PBXFileReference; lastKnownFileType = wrapper.framework; name = MobileCoreServices.framework; path = System/Library/Frameworks/MobileCoreServices.framework; sourceTree = SDKROOT; };
		A39CBE0213848615006F68E4 /* Security.framework */ = {isa = PBXFileReference; lastKnownFileType = wrapper.framework; name = Security.framework; path = System/Library/Frameworks/Security.framework; sourceTree = SDKROOT; };
		A39CBE0413848615006F68E4 /* SystemConfiguration.framework */ = {isa = PBXFileReference; lastKnownFileType = wrapper.framework; name = SystemConfiguration.framework; path = System/Library/Frameworks/SystemConfiguration.framework; sourceTree = SDKROOT; };
		A3A80AE013CE236800185C41 /* Config.h */ = {isa = PBXFileReference; fileEncoding = 4; lastKnownFileType = sourcecode.c.h; path = Config.h; sourceTree = "<group>"; };
		A3A80AE113CE236800185C41 /* Config.m */ = {isa = PBXFileReference; fileEncoding = 4; lastKnownFileType = sourcecode.c.objc; path = Config.m; sourceTree = "<group>"; };
		A3A80B2913CE26B500185C41 /* FeedPhone.xib */ = {isa = PBXFileReference; lastKnownFileType = file.xib; path = FeedPhone.xib; sourceTree = "<group>"; };
		A3A80B4113CE296200185C41 /* PostLocationViewController.h */ = {isa = PBXFileReference; fileEncoding = 4; lastKnownFileType = sourcecode.c.h; name = PostLocationViewController.h; path = ../PostLocationViewController.h; sourceTree = "<group>"; };
		A3A80B4213CE296200185C41 /* PostLocationViewController.m */ = {isa = PBXFileReference; fileEncoding = 4; lastKnownFileType = sourcecode.c.objc; name = PostLocationViewController.m; path = ../PostLocationViewController.m; sourceTree = "<group>"; };
		A3A80B4313CE296200185C41 /* PostLocationPhone.xib */ = {isa = PBXFileReference; lastKnownFileType = file.xib; path = PostLocationPhone.xib; sourceTree = "<group>"; };
		A3A80B4713CE5B9C00185C41 /* CoreLocation.framework */ = {isa = PBXFileReference; lastKnownFileType = wrapper.framework; name = CoreLocation.framework; path = System/Library/Frameworks/CoreLocation.framework; sourceTree = SDKROOT; };
		A3A80BE313CE703400185C41 /* FeedItemPoster.h */ = {isa = PBXFileReference; fileEncoding = 4; lastKnownFileType = sourcecode.c.h; path = FeedItemPoster.h; sourceTree = "<group>"; };
		A3A80BE413CE703400185C41 /* FeedItemPoster.m */ = {isa = PBXFileReference; fileEncoding = 4; lastKnownFileType = sourcecode.c.objc; path = FeedItemPoster.m; sourceTree = "<group>"; };
		A3B0F7E213CA230200CD4E99 /* OAuthViewController.h */ = {isa = PBXFileReference; fileEncoding = 4; lastKnownFileType = sourcecode.c.h; path = OAuthViewController.h; sourceTree = "<group>"; };
		A3B0F7E313CA230200CD4E99 /* OAuthViewController.m */ = {isa = PBXFileReference; fileEncoding = 4; lastKnownFileType = sourcecode.c.objc; path = OAuthViewController.m; sourceTree = "<group>"; };
		A3B0F7E413CA230200CD4E99 /* OAuthViewController.xib */ = {isa = PBXFileReference; lastKnownFileType = file.xib; name = OAuthViewController.xib; path = Classes/OAuthViewController.xib; sourceTree = "<group>"; };
		A3B0F7EC13CA234500CD4E99 /* AuthContext.h */ = {isa = PBXFileReference; fileEncoding = 4; lastKnownFileType = sourcecode.c.h; path = AuthContext.h; sourceTree = "<group>"; };
		A3B0F7ED13CA234500CD4E99 /* AuthContext.m */ = {isa = PBXFileReference; fileEncoding = 4; lastKnownFileType = sourcecode.c.objc; path = AuthContext.m; sourceTree = "<group>"; };
		A3B0F83A13CA2E1400CD4E99 /* RestKit.xcodeproj */ = {isa = PBXFileReference; lastKnownFileType = "wrapper.pb-project"; name = RestKit.xcodeproj; path = Classes/RestKit/RestKit.xcodeproj; sourceTree = "<group>"; };
		A3B0F93E13CA373D00CD4E99 /* MappingManager.h */ = {isa = PBXFileReference; fileEncoding = 4; lastKnownFileType = sourcecode.c.h; path = MappingManager.h; sourceTree = "<group>"; };
		A3B0F93F13CA373D00CD4E99 /* MappingManager.m */ = {isa = PBXFileReference; fileEncoding = 4; lastKnownFileType = sourcecode.c.objc; path = MappingManager.m; sourceTree = "<group>"; };
		A3C82B0F13CC193000DA5E5E /* Identity.h */ = {isa = PBXFileReference; fileEncoding = 4; lastKnownFileType = sourcecode.c.h; path = Identity.h; sourceTree = "<group>"; };
		A3C82B1013CC193000DA5E5E /* Identity.m */ = {isa = PBXFileReference; fileEncoding = 4; lastKnownFileType = sourcecode.c.objc; path = Identity.m; sourceTree = "<group>"; };
		A3CD6C941385C4C0000116E4 /* User.h */ = {isa = PBXFileReference; fileEncoding = 4; lastKnownFileType = sourcecode.c.h; path = User.h; sourceTree = "<group>"; };
		A3CD6C951385C4C0000116E4 /* User.m */ = {isa = PBXFileReference; fileEncoding = 4; lastKnownFileType = sourcecode.c.objc; path = User.m; sourceTree = "<group>"; };
		A3CD6C971385C60F000116E4 /* Address.h */ = {isa = PBXFileReference; fileEncoding = 4; lastKnownFileType = sourcecode.c.h; path = Address.h; sourceTree = "<group>"; };
		A3CD6C981385C60F000116E4 /* Address.m */ = {isa = PBXFileReference; fileEncoding = 4; lastKnownFileType = sourcecode.c.objc; path = Address.m; sourceTree = "<group>"; };
		A3E5312513940864004CCE49 /* UserFeedPage.h */ = {isa = PBXFileReference; fileEncoding = 4; lastKnownFileType = sourcecode.c.h; path = UserFeedPage.h; sourceTree = "<group>"; };
		A3E5312613940864004CCE49 /* UserFeedPage.m */ = {isa = PBXFileReference; fileEncoding = 4; lastKnownFileType = sourcecode.c.objc; path = UserFeedPage.m; sourceTree = "<group>"; };
		A3E532281394211C004CCE49 /* NewsFeedPage.h */ = {isa = PBXFileReference; fileEncoding = 4; lastKnownFileType = sourcecode.c.h; path = NewsFeedPage.h; sourceTree = "<group>"; };
		A3E532291394211C004CCE49 /* NewsFeedPage.m */ = {isa = PBXFileReference; fileEncoding = 4; lastKnownFileType = sourcecode.c.objc; path = NewsFeedPage.m; sourceTree = "<group>"; };
		A3E5322B13942186004CCE49 /* NewsFeedViewController.h */ = {isa = PBXFileReference; fileEncoding = 4; lastKnownFileType = sourcecode.c.h; path = NewsFeedViewController.h; sourceTree = "<group>"; };
		A3E5322C13942186004CCE49 /* NewsFeedViewController.m */ = {isa = PBXFileReference; fileEncoding = 4; lastKnownFileType = sourcecode.c.objc; path = NewsFeedViewController.m; sourceTree = "<group>"; };
		A3E532951394293E004CCE49 /* MessageSegment.h */ = {isa = PBXFileReference; fileEncoding = 4; lastKnownFileType = sourcecode.c.h; path = MessageSegment.h; sourceTree = "<group>"; };
		A3E532961394293E004CCE49 /* MessageSegment.m */ = {isa = PBXFileReference; fileEncoding = 4; lastKnownFileType = sourcecode.c.objc; path = MessageSegment.m; sourceTree = "<group>"; };
		A3E5334013943DE4004CCE49 /* WebViewController.h */ = {isa = PBXFileReference; fileEncoding = 4; lastKnownFileType = sourcecode.c.h; path = WebViewController.h; sourceTree = "<group>"; };
		A3E5334113943DE4004CCE49 /* WebViewController.m */ = {isa = PBXFileReference; fileEncoding = 4; lastKnownFileType = sourcecode.c.objc; path = WebViewController.m; sourceTree = "<group>"; };
		A3E5334313943F10004CCE49 /* WebView.xib */ = {isa = PBXFileReference; lastKnownFileType = file.xib; path = WebView.xib; sourceTree = "<group>"; };
		A3E533C013945906004CCE49 /* UserSummary.h */ = {isa = PBXFileReference; fileEncoding = 4; lastKnownFileType = sourcecode.c.h; path = UserSummary.h; sourceTree = "<group>"; };
		A3E533C113945906004CCE49 /* UserSummary.m */ = {isa = PBXFileReference; fileEncoding = 4; lastKnownFileType = sourcecode.c.objc; path = UserSummary.m; sourceTree = "<group>"; };
/* End PBXFileReference section */

/* Begin PBXFrameworksBuildPhase section */
		1D60588F0D05DD3D006BFB54 /* Frameworks */ = {
			isa = PBXFrameworksBuildPhase;
			buildActionMask = 2147483647;
			files = (
				A3C82AA313CC0F3D00DA5E5E /* Security.framework in Frameworks */,
				A3B0FAC213CA427D00CD4E99 /* libRestKitJSONParserYAJL.a in Frameworks */,
				A3B0F8A513CA2FEE00CD4E99 /* libRestKitNetwork.a in Frameworks */,
				A3B0F8A613CA2FEE00CD4E99 /* libRestKitObjectMapping.a in Frameworks */,
				A3B0F8A713CA2FEE00CD4E99 /* libRestKitSupport.a in Frameworks */,
				1D60589F0D05DD5A006BFB54 /* Foundation.framework in Frameworks */,
				1DF5F4E00D08C38300B7A737 /* UIKit.framework in Frameworks */,
				288765A50DF7441C002DB57D /* CoreGraphics.framework in Frameworks */,
				A39CBE0513848615006F68E4 /* SystemConfiguration.framework in Frameworks */,
				A3992C8E1384E89B00FDDBB4 /* CFNetwork.framework in Frameworks */,
				A3992C901384E89B00FDDBB4 /* MobileCoreServices.framework in Frameworks */,
				A3A80B4813CE5B9C00185C41 /* CoreLocation.framework in Frameworks */,
			);
			runOnlyForDeploymentPostprocessing = 0;
		};
/* End PBXFrameworksBuildPhase section */

/* Begin PBXGroup section */
		080E96DDFE201D6D7F000001 /* Classes */ = {
			isa = PBXGroup;
			children = (
				A3B0F7E913CA232E00CD4E99 /* Utilities */,
				A382F599138BFBFE00AF5DAF /* Top Level */,
				A382F598138BFBE500AF5DAF /* Controllers */,
				A3CD6C931385C4A6000116E4 /* RestObjects */,
			);
			path = Classes;
			sourceTree = "<group>";
		};
		19C28FACFE9D520D11CA2CBB /* Products */ = {
			isa = PBXGroup;
			children = (
				1D6058910D05DD3D006BFB54 /* DemoApp.app */,
			);
			name = Products;
			sourceTree = "<group>";
		};
		29B97314FDCFA39411CA2CEA /* CustomTemplate */ = {
			isa = PBXGroup;
			children = (
				A3B0F83A13CA2E1400CD4E99 /* RestKit.xcodeproj */,
				080E96DDFE201D6D7F000001 /* Classes */,
				29B97317FDCFA39411CA2CEA /* Resources */,
				29B97323FDCFA39411CA2CEA /* Frameworks */,
				19C28FACFE9D520D11CA2CBB /* Products */,
			);
			name = CustomTemplate;
			sourceTree = "<group>";
		};
		29B97317FDCFA39411CA2CEA /* Resources */ = {
			isa = PBXGroup;
			children = (
				A3A80B3B13CE28F200185C41 /* iPad */,
				A3A80B3A13CE28ED00185C41 /* iPhone */,
				A3A80B3913CE28E900185C41 /* Shared */,
			);
			name = Resources;
			sourceTree = "<group>";
		};
		29B97323FDCFA39411CA2CEA /* Frameworks */ = {
			isa = PBXGroup;
			children = (
				1DF5F4DF0D08C38300B7A737 /* UIKit.framework */,
				1D30AB110D05D00D00671497 /* Foundation.framework */,
				288765A40DF7441C002DB57D /* CoreGraphics.framework */,
				A39CBE0213848615006F68E4 /* Security.framework */,
				A39CBE0413848615006F68E4 /* SystemConfiguration.framework */,
				A3992C8D1384E89B00FDDBB4 /* CFNetwork.framework */,
				A3992C8F1384E89B00FDDBB4 /* MobileCoreServices.framework */,
				A3A80B4713CE5B9C00185C41 /* CoreLocation.framework */,
			);
			name = Frameworks;
			sourceTree = "<group>";
		};
		A382F598138BFBE500AF5DAF /* Controllers */ = {
			isa = PBXGroup;
			children = (
				A3B0F7E213CA230200CD4E99 /* OAuthViewController.h */,
				A3B0F7E313CA230200CD4E99 /* OAuthViewController.m */,
				A3E531231394077E004CCE49 /* Feed */,
				28D7ACF60DDB3853001CB0EB /* RootViewController.h */,
				28D7ACF70DDB3853001CB0EB /* RootViewController.m */,
				A382F5AC138BFC2C00AF5DAF /* UserViewController.h */,
				A382F5AD138BFC2C00AF5DAF /* UserViewController.m */,
				A3E5334013943DE4004CCE49 /* WebViewController.h */,
				A3E5334113943DE4004CCE49 /* WebViewController.m */,
			);
			name = Controllers;
			sourceTree = "<group>";
		};
		A382F599138BFBFE00AF5DAF /* Top Level */ = {
			isa = PBXGroup;
			children = (
				1D3623240D0F684500981E51 /* DemoAppAppDelegate.h */,
				1D3623250D0F684500981E51 /* DemoAppAppDelegate.m */,
				32CA4F630368D1EE00C91783 /* DemoApp_Prefix.pch */,
				29B97316FDCFA39411CA2CEA /* main.m */,
			);
			name = "Top Level";
			sourceTree = "<group>";
		};
		A3A80B3913CE28E900185C41 /* Shared */ = {
			isa = PBXGroup;
			children = (
				A3E5334313943F10004CCE49 /* WebView.xib */,
				8D1107310486CEB800E47090 /* DemoApp-Info.plist */,
				A3B0F7E413CA230200CD4E99 /* OAuthViewController.xib */,
			);
			name = Shared;
			sourceTree = "<group>";
		};
		A3A80B3A13CE28ED00185C41 /* iPhone */ = {
			isa = PBXGroup;
			children = (
				28AD733E0D9D9553002E5188 /* MainWindow.xib */,
				A34893B0138E0E08007335CB /* UserPhone.xib */,
				A3A80B2913CE26B500185C41 /* FeedPhone.xib */,
				A3A80B4313CE296200185C41 /* PostLocationPhone.xib */,
			);
			name = iPhone;
			sourceTree = "<group>";
		};
		A3A80B3B13CE28F200185C41 /* iPad */ = {
			isa = PBXGroup;
			children = (
			);
			name = iPad;
			sourceTree = "<group>";
		};
		A3B0F7E913CA232E00CD4E99 /* Utilities */ = {
			isa = PBXGroup;
			children = (
				A34012AC1390CFED005341B1 /* PhotoFetcher.h */,
				A34012AD1390CFED005341B1 /* PhotoFetcher.m */,
				A348939E138E06E3007335CB /* ObjectFetcher.m */,
				A348939D138E06E3007335CB /* ObjectFetcher.h */,
				A3B0F7EC13CA234500CD4E99 /* AuthContext.h */,
				A3B0F7ED13CA234500CD4E99 /* AuthContext.m */,
				A3A80AE013CE236800185C41 /* Config.h */,
				A3A80AE113CE236800185C41 /* Config.m */,
				A3A80BE313CE703400185C41 /* FeedItemPoster.h */,
				A3A80BE413CE703400185C41 /* FeedItemPoster.m */,
			);
			name = Utilities;
			sourceTree = "<group>";
		};
		A3B0F83B13CA2E1400CD4E99 /* Products */ = {
			isa = PBXGroup;
			children = (
				A3B0F84F13CA2E1400CD4E99 /* libRestKitNetwork.a */,
				A3B0F85113CA2E1400CD4E99 /* libRestKitObjectMapping.a */,
				A3B0F85313CA2E1400CD4E99 /* libRestKitSupport.a */,
				A3B0F85513CA2E1400CD4E99 /* libRestKitJSONParserYAJL.a */,
				A3B0F85713CA2E1400CD4E99 /* libRestKitJSONParserSBJSON.a */,
				A3B0F85913CA2E1400CD4E99 /* libRestKitJSONParserJSONKit.a */,
				A3B0F85B13CA2E1400CD4E99 /* libRestKitXMLParserLibxml.a */,
				A3B0F85D13CA2E1400CD4E99 /* libRestKitCoreData.a */,
				A3B0F85F13CA2E1400CD4E99 /* libRestKitThree20.a */,
				A3B0F86113CA2E1400CD4E99 /* UISpec.app */,
			);
			name = Products;
			sourceTree = "<group>";
		};
		A3CD6C931385C4A6000116E4 /* RestObjects */ = {
			isa = PBXGroup;
			children = (
				A3E5328F13942438004CCE49 /* Common */,
				A3E5312413940846004CCE49 /* Feed */,
				A3B0F93E13CA373D00CD4E99 /* MappingManager.h */,
				A3B0F93F13CA373D00CD4E99 /* MappingManager.m */,
				A3C82B0F13CC193000DA5E5E /* Identity.h */,
				A3C82B1013CC193000DA5E5E /* Identity.m */,
			);
			name = RestObjects;
			sourceTree = "<group>";
		};
		A3E531231394077E004CCE49 /* Feed */ = {
			isa = PBXGroup;
			children = (
				A3A80B4113CE296200185C41 /* PostLocationViewController.h */,
				A3A80B4213CE296200185C41 /* PostLocationViewController.m */,
				A348938B138E04E6007335CB /* FeedViewController.h */,
				A348938C138E04E6007335CB /* FeedViewController.m */,
				A340134C13922DF2005341B1 /* UserFeedViewController.h */,
				A340134D13922DF2005341B1 /* UserFeedViewController.m */,
				A3E5322B13942186004CCE49 /* NewsFeedViewController.h */,
				A3E5322C13942186004CCE49 /* NewsFeedViewController.m */,
			);
			name = Feed;
			sourceTree = "<group>";
		};
		A3E5312413940846004CCE49 /* Feed */ = {
			isa = PBXGroup;
			children = (
				A34012E21390DB8A005341B1 /* FeedItemPage.h */,
				A34012E31390DB8A005341B1 /* FeedItemPage.m */,
				A34012E51390DB95005341B1 /* FeedItem.h */,
				A34012E61390DB95005341B1 /* FeedItem.m */,
				A34012E81390DE4F005341B1 /* FeedBody.h */,
				A34012E91390DE4F005341B1 /* FeedBody.m */,
				A3E5312513940864004CCE49 /* UserFeedPage.h */,
				A3E5312613940864004CCE49 /* UserFeedPage.m */,
				A3E532281394211C004CCE49 /* NewsFeedPage.h */,
				A3E532291394211C004CCE49 /* NewsFeedPage.m */,
				A3E532951394293E004CCE49 /* MessageSegment.h */,
				A3E532961394293E004CCE49 /* MessageSegment.m */,
			);
			name = Feed;
			sourceTree = "<group>";
		};
		A3E5328F13942438004CCE49 /* Common */ = {
			isa = PBXGroup;
			children = (
				A3CD6C941385C4C0000116E4 /* User.h */,
				A3CD6C951385C4C0000116E4 /* User.m */,
				A3CD6C971385C60F000116E4 /* Address.h */,
				A3CD6C981385C60F000116E4 /* Address.m */,
				A3E533C013945906004CCE49 /* UserSummary.h */,
				A3E533C113945906004CCE49 /* UserSummary.m */,
				A348943F138E17D0007335CB /* Photo.h */,
				A3489440138E17D0007335CB /* Photo.m */,
			);
			name = Common;
			sourceTree = "<group>";
		};
/* End PBXGroup section */

/* Begin PBXNativeTarget section */
		1D6058900D05DD3D006BFB54 /* DemoApp */ = {
			isa = PBXNativeTarget;
			buildConfigurationList = 1D6058960D05DD3E006BFB54 /* Build configuration list for PBXNativeTarget "DemoApp" */;
			buildPhases = (
				1D60588D0D05DD3D006BFB54 /* Resources */,
				1D60588E0D05DD3D006BFB54 /* Sources */,
				1D60588F0D05DD3D006BFB54 /* Frameworks */,
			);
			buildRules = (
			);
			dependencies = (
				A3B0F89213CA2F1600CD4E99 /* PBXTargetDependency */,
			);
			name = DemoApp;
			productName = DemoApp;
			productReference = 1D6058910D05DD3D006BFB54 /* DemoApp.app */;
			productType = "com.apple.product-type.application";
		};
/* End PBXNativeTarget section */

/* Begin PBXProject section */
		29B97313FDCFA39411CA2CEA /* Project object */ = {
			isa = PBXProject;
			buildConfigurationList = C01FCF4E08A954540054247B /* Build configuration list for PBXProject "DemoApp" */;
			compatibilityVersion = "Xcode 3.2";
			developmentRegion = English;
			hasScannedForEncodings = 1;
			knownRegions = (
				English,
				Japanese,
				French,
				German,
			);
			mainGroup = 29B97314FDCFA39411CA2CEA /* CustomTemplate */;
			projectDirPath = "";
			projectReferences = (
				{
					ProductGroup = A3B0F83B13CA2E1400CD4E99 /* Products */;
					ProjectRef = A3B0F83A13CA2E1400CD4E99 /* RestKit.xcodeproj */;
				},
			);
			projectRoot = "";
			targets = (
				1D6058900D05DD3D006BFB54 /* DemoApp */,
			);
		};
/* End PBXProject section */

/* Begin PBXReferenceProxy section */
		A3B0F84F13CA2E1400CD4E99 /* libRestKitNetwork.a */ = {
			isa = PBXReferenceProxy;
			fileType = archive.ar;
			path = libRestKitNetwork.a;
			remoteRef = A3B0F84E13CA2E1400CD4E99 /* PBXContainerItemProxy */;
			sourceTree = BUILT_PRODUCTS_DIR;
		};
		A3B0F85113CA2E1400CD4E99 /* libRestKitObjectMapping.a */ = {
			isa = PBXReferenceProxy;
			fileType = archive.ar;
			path = libRestKitObjectMapping.a;
			remoteRef = A3B0F85013CA2E1400CD4E99 /* PBXContainerItemProxy */;
			sourceTree = BUILT_PRODUCTS_DIR;
		};
		A3B0F85313CA2E1400CD4E99 /* libRestKitSupport.a */ = {
			isa = PBXReferenceProxy;
			fileType = archive.ar;
			path = libRestKitSupport.a;
			remoteRef = A3B0F85213CA2E1400CD4E99 /* PBXContainerItemProxy */;
			sourceTree = BUILT_PRODUCTS_DIR;
		};
		A3B0F85513CA2E1400CD4E99 /* libRestKitJSONParserYAJL.a */ = {
			isa = PBXReferenceProxy;
			fileType = archive.ar;
			path = libRestKitJSONParserYAJL.a;
			remoteRef = A3B0F85413CA2E1400CD4E99 /* PBXContainerItemProxy */;
			sourceTree = BUILT_PRODUCTS_DIR;
		};
		A3B0F85713CA2E1400CD4E99 /* libRestKitJSONParserSBJSON.a */ = {
			isa = PBXReferenceProxy;
			fileType = archive.ar;
			path = libRestKitJSONParserSBJSON.a;
			remoteRef = A3B0F85613CA2E1400CD4E99 /* PBXContainerItemProxy */;
			sourceTree = BUILT_PRODUCTS_DIR;
		};
		A3B0F85913CA2E1400CD4E99 /* libRestKitJSONParserJSONKit.a */ = {
			isa = PBXReferenceProxy;
			fileType = archive.ar;
			path = libRestKitJSONParserJSONKit.a;
			remoteRef = A3B0F85813CA2E1400CD4E99 /* PBXContainerItemProxy */;
			sourceTree = BUILT_PRODUCTS_DIR;
		};
		A3B0F85B13CA2E1400CD4E99 /* libRestKitXMLParserLibxml.a */ = {
			isa = PBXReferenceProxy;
			fileType = archive.ar;
			path = libRestKitXMLParserLibxml.a;
			remoteRef = A3B0F85A13CA2E1400CD4E99 /* PBXContainerItemProxy */;
			sourceTree = BUILT_PRODUCTS_DIR;
		};
		A3B0F85D13CA2E1400CD4E99 /* libRestKitCoreData.a */ = {
			isa = PBXReferenceProxy;
			fileType = archive.ar;
			path = libRestKitCoreData.a;
			remoteRef = A3B0F85C13CA2E1400CD4E99 /* PBXContainerItemProxy */;
			sourceTree = BUILT_PRODUCTS_DIR;
		};
		A3B0F85F13CA2E1400CD4E99 /* libRestKitThree20.a */ = {
			isa = PBXReferenceProxy;
			fileType = archive.ar;
			path = libRestKitThree20.a;
			remoteRef = A3B0F85E13CA2E1400CD4E99 /* PBXContainerItemProxy */;
			sourceTree = BUILT_PRODUCTS_DIR;
		};
		A3B0F86113CA2E1400CD4E99 /* UISpec.app */ = {
			isa = PBXReferenceProxy;
			fileType = wrapper.application;
			path = UISpec.app;
			remoteRef = A3B0F86013CA2E1400CD4E99 /* PBXContainerItemProxy */;
			sourceTree = BUILT_PRODUCTS_DIR;
		};
/* End PBXReferenceProxy section */

/* Begin PBXResourcesBuildPhase section */
		1D60588D0D05DD3D006BFB54 /* Resources */ = {
			isa = PBXResourcesBuildPhase;
			buildActionMask = 2147483647;
			files = (
				28AD733F0D9D9553002E5188 /* MainWindow.xib in Resources */,
				A34893B1138E0E08007335CB /* UserPhone.xib in Resources */,
				A3E5334413943F10004CCE49 /* WebView.xib in Resources */,
				A3B0F7E613CA230200CD4E99 /* OAuthViewController.xib in Resources */,
				A3A80B2A13CE26B500185C41 /* FeedPhone.xib in Resources */,
				A3A80B4513CE296200185C41 /* PostLocationPhone.xib in Resources */,
			);
			runOnlyForDeploymentPostprocessing = 0;
		};
/* End PBXResourcesBuildPhase section */

/* Begin PBXSourcesBuildPhase section */
		1D60588E0D05DD3D006BFB54 /* Sources */ = {
			isa = PBXSourcesBuildPhase;
			buildActionMask = 2147483647;
			files = (
				1D60589B0D05DD56006BFB54 /* main.m in Sources */,
				1D3623260D0F684500981E51 /* DemoAppAppDelegate.m in Sources */,
				28D7ACF80DDB3853001CB0EB /* RootViewController.m in Sources */,
				A3CD6C961385C4C0000116E4 /* User.m in Sources */,
				A3CD6C991385C60F000116E4 /* Address.m in Sources */,
				A382F5AE138BFC2C00AF5DAF /* UserViewController.m in Sources */,
				A348938D138E04E6007335CB /* FeedViewController.m in Sources */,
				A348939F138E06E3007335CB /* ObjectFetcher.m in Sources */,
				A3489441138E17D0007335CB /* Photo.m in Sources */,
				A34012AE1390CFED005341B1 /* PhotoFetcher.m in Sources */,
				A34012E41390DB8A005341B1 /* FeedItemPage.m in Sources */,
				A34012E71390DB95005341B1 /* FeedItem.m in Sources */,
				A34012EA1390DE4F005341B1 /* FeedBody.m in Sources */,
				A340134E13922DF2005341B1 /* UserFeedViewController.m in Sources */,
				A3E5312713940864004CCE49 /* UserFeedPage.m in Sources */,
				A3E5322A1394211C004CCE49 /* NewsFeedPage.m in Sources */,
				A3E5322D13942186004CCE49 /* NewsFeedViewController.m in Sources */,
				A3E532971394293E004CCE49 /* MessageSegment.m in Sources */,
				A3E5334213943DE4004CCE49 /* WebViewController.m in Sources */,
				A3E533C213945906004CCE49 /* UserSummary.m in Sources */,
				A3B0F7E513CA230200CD4E99 /* OAuthViewController.m in Sources */,
				A3B0F7EE13CA234500CD4E99 /* AuthContext.m in Sources */,
				A3B0F94013CA373D00CD4E99 /* MappingManager.m in Sources */,
				A3C82B1113CC193000DA5E5E /* Identity.m in Sources */,
				A3A80AE213CE236800185C41 /* Config.m in Sources */,
				A3A80B4413CE296200185C41 /* PostLocationViewController.m in Sources */,
				A3A80BE513CE703400185C41 /* FeedItemPoster.m in Sources */,
			);
			runOnlyForDeploymentPostprocessing = 0;
		};
/* End PBXSourcesBuildPhase section */

/* Begin PBXTargetDependency section */
		A3B0F89213CA2F1600CD4E99 /* PBXTargetDependency */ = {
			isa = PBXTargetDependency;
			name = RestKit;
			targetProxy = A3B0F89113CA2F1600CD4E99 /* PBXContainerItemProxy */;
		};
/* End PBXTargetDependency section */

/* Begin XCBuildConfiguration section */
		1D6058940D05DD3E006BFB54 /* Debug */ = {
			isa = XCBuildConfiguration;
			buildSettings = {
				ALWAYS_SEARCH_USER_PATHS = NO;
				COPY_PHASE_STRIP = NO;
				GCC_DYNAMIC_NO_PIC = NO;
				GCC_OPTIMIZATION_LEVEL = 0;
				GCC_PRECOMPILE_PREFIX_HEADER = YES;
				GCC_PREFIX_HEADER = DemoApp_Prefix.pch;
				HEADER_SEARCH_PATHS = "$(inherited)";
				INFOPLIST_FILE = "DemoApp-Info.plist";
				IPHONEOS_DEPLOYMENT_TARGET = 4.0;
				LIBRARY_SEARCH_PATHS = "$(inherited)";
				OTHER_LDFLAGS = "$(inherited)";
				PRODUCT_NAME = DemoApp;
				TARGETED_DEVICE_FAMILY = "1,2";
			};
			name = Debug;
		};
		1D6058950D05DD3E006BFB54 /* Release */ = {
			isa = XCBuildConfiguration;
			buildSettings = {
				ALWAYS_SEARCH_USER_PATHS = NO;
				COPY_PHASE_STRIP = YES;
				GCC_PRECOMPILE_PREFIX_HEADER = YES;
				GCC_PREFIX_HEADER = DemoApp_Prefix.pch;
				HEADER_SEARCH_PATHS = "$(inherited)";
				INFOPLIST_FILE = "DemoApp-Info.plist";
				IPHONEOS_DEPLOYMENT_TARGET = 4.0;
				LIBRARY_SEARCH_PATHS = "$(inherited)";
				OTHER_LDFLAGS = "$(inherited)";
				PRODUCT_NAME = DemoApp;
				TARGETED_DEVICE_FAMILY = "1,2";
				VALIDATE_PRODUCT = YES;
			};
			name = Release;
		};
		C01FCF4F08A954540054247B /* Debug */ = {
			isa = XCBuildConfiguration;
			buildSettings = {
				ARCHS = "$(ARCHS_STANDARD_32_BIT)";
				"CODE_SIGN_IDENTITY[sdk=iphoneos*]" = "iPhone Developer";
				GCC_C_LANGUAGE_STANDARD = c99;
				GCC_WARN_ABOUT_RETURN_TYPE = YES;
				GCC_WARN_UNUSED_VARIABLE = YES;
				HEADER_SEARCH_PATHS = "\"$(SOURCE_ROOT)/Classes/RestKit/Build\"";
				LIBRARY_SEARCH_PATHS = "\"$(SOURCE_ROOT)/Classes/RestKit/Build/$(BUILD_STYLE)-$(PLATFORM_NAME)\"";
				OTHER_LDFLAGS = (
					"-all_load",
					"-ObjC",
				);
				PREBINDING = NO;
				SDKROOT = iphoneos;
			};
			name = Debug;
		};
		C01FCF5008A954540054247B /* Release */ = {
			isa = XCBuildConfiguration;
			buildSettings = {
				ARCHS = "$(ARCHS_STANDARD_32_BIT)";
				"CODE_SIGN_IDENTITY[sdk=iphoneos*]" = "iPhone Developer";
				GCC_C_LANGUAGE_STANDARD = c99;
				GCC_WARN_ABOUT_RETURN_TYPE = YES;
				GCC_WARN_UNUSED_VARIABLE = YES;
				HEADER_SEARCH_PATHS = "\"$(SOURCE_ROOT)/Classes/RestKit/Build\"";
				LIBRARY_SEARCH_PATHS = "\"$(SOURCE_ROOT)/Classes/RestKit/Build/$(BUILD_STYLE)-$(PLATFORM_NAME)\"";
				OTHER_CFLAGS = "-DNS_BLOCK_ASSERTIONS=1";
				OTHER_LDFLAGS = (
					"-all_load",
					"-ObjC",
				);
				PREBINDING = NO;
				SDKROOT = iphoneos;
			};
			name = Release;
		};
/* End XCBuildConfiguration section */

/* Begin XCConfigurationList section */
		1D6058960D05DD3E006BFB54 /* Build configuration list for PBXNativeTarget "DemoApp" */ = {
			isa = XCConfigurationList;
			buildConfigurations = (
				1D6058940D05DD3E006BFB54 /* Debug */,
				1D6058950D05DD3E006BFB54 /* Release */,
			);
			defaultConfigurationIsVisible = 0;
			defaultConfigurationName = Release;
		};
		C01FCF4E08A954540054247B /* Build configuration list for PBXProject "DemoApp" */ = {
			isa = XCConfigurationList;
			buildConfigurations = (
				C01FCF4F08A954540054247B /* Debug */,
				C01FCF5008A954540054247B /* Release */,
			);
			defaultConfigurationIsVisible = 0;
			defaultConfigurationName = Release;
		};
/* End XCConfigurationList section */
	};
	rootObject = 29B97313FDCFA39411CA2CEA /* Project object */;
}
